
Microsoft Visual Studio Solution File, Format Version 12.00
# Visual Studio 15
VisualStudioVersion = 15.0.26730.16
MinimumVisualStudioVersion = 10.0.40219.1
Project("{FAE04EC0-301F-11D3-BF4B-00C04F79EFBC}") = "TakeMeToThe", "TakeMeToThe\TakeMeToThe.csproj", "{FD820794-1F54-4B8F-AA8E-201074D3F4ED}"
EndProject
Global
	GlobalSection(SolutionConfigurationPlatforms) = preSolution
		Debug|Any CPU = Debug|Any CPU
		Release|Any CPU = Release|Any CPU
	EndGlobalSection
	GlobalSection(ProjectConfigurationPlatforms) = postSolution
		{FD820794-1F54-4B8F-AA8E-201074D3F4ED}.Debug|Any CPU.ActiveCfg = Debug|Any CPU
		{FD820794-1F54-4B8F-AA8E-201074D3F4ED}.Debug|Any CPU.Build.0 = Debug|Any CPU
		{FD820794-1F54-4B8F-AA8E-201074D3F4ED}.Release|Any CPU.ActiveCfg = Release|Any CPU
		{FD820794-1F54-4B8F-AA8E-201074D3F4ED}.Release|Any CPU.Build.0 = Release|Any CPU
	EndGlobalSection
	GlobalSection(SolutionProperties) = preSolution
		HideSolutionNode = FALSE
	EndGlobalSection
	GlobalSection(ExtensibilityGlobals) = postSolution
		SolutionGuid = {9BD07F25-E5DE-46A9-B9EA-11D40CD0809B}
	EndGlobalSection
EndGlobal
